
Microsoft Visual Studio Solution File, Format Version 12.00
# Visual Studio Version 16
VisualStudioVersion = 16.0.30114.105
MinimumVisualStudioVersion = 10.0.40219.1
Project("{FAE04EC0-301F-11D3-BF4B-00C04F79EFBC}") = "AjunaExample.SubscriptionDemo.RestService", "AjunaExample.SubscriptionDemo.RestService\AjunaExample.SubscriptionDemo.RestService.csproj", "{8D021A23-7FA2-4C1D-959D-1AD6E6717206}"
EndProject
Project("{FAE04EC0-301F-11D3-BF4B-00C04F79EFBC}") = "AjunaExample.SubscriptionDemo.NetApi", "AjunaExample.SubscriptionDemo.NetApi\AjunaExample.SubscriptionDemo.NetApi.csproj", "{74193D29-4436-4CF5-8E80-463DDC6A2A2F}"
EndProject
Project("{FAE04EC0-301F-11D3-BF4B-00C04F79EFBC}") = "AjunaExample.SubscriptionDemo.RestClient", "AjunaExample.SubscriptionDemo.RestClient\AjunaExample.SubscriptionDemo.RestClient.csproj", "{443A0067-87D1-4615-9850-F126C25D919D}"
EndProject
Project("{FAE04EC0-301F-11D3-BF4B-00C04F79EFBC}") = "AjunaExample.SubscriptionDemo.RestClient.Mockup", "AjunaExample.SubscriptionDemo.RestClient.Mockup\AjunaExample.SubscriptionDemo.RestClient.Mockup.csproj", "{872B7ECF-EE7A-4AE1-9B87-F6DCE7A8E767}"
EndProject
Project("{FAE04EC0-301F-11D3-BF4B-00C04F79EFBC}") = "AjunaExample.SubscriptionDemo.RestClient.Test", "AjunaExample.SubscriptionDemo.RestClient.Test\AjunaExample.SubscriptionDemo.RestClient.Test.csproj", "{D76F8B12-2100-4910-9FF5-CB866DF2FAED}"
EndProject
Project("{FAE04EC0-301F-11D3-BF4B-00C04F79EFBC}") = "AjunaExample.SubscriptionDemo.Console", "AjunaExample.SubscriptionDemo.Console\AjunaExample.SubscriptionDemo.Console.csproj", "{1D2959B7-D53F-4068-A53B-7EB8792D281A}"
EndProject
Global
	GlobalSection(SolutionConfigurationPlatforms) = preSolution
		Debug|Any CPU = Debug|Any CPU
		Release|Any CPU = Release|Any CPU
	EndGlobalSection
	GlobalSection(SolutionProperties) = preSolution
		HideSolutionNode = FALSE
	EndGlobalSection
	GlobalSection(ProjectConfigurationPlatforms) = postSolution
		{8D021A23-7FA2-4C1D-959D-1AD6E6717206}.Debug|Any CPU.ActiveCfg = Debug|Any CPU
		{8D021A23-7FA2-4C1D-959D-1AD6E6717206}.Debug|Any CPU.Build.0 = Debug|Any CPU
		{8D021A23-7FA2-4C1D-959D-1AD6E6717206}.Release|Any CPU.ActiveCfg = Release|Any CPU
		{8D021A23-7FA2-4C1D-959D-1AD6E6717206}.Release|Any CPU.Build.0 = Release|Any CPU
		{74193D29-4436-4CF5-8E80-463DDC6A2A2F}.Debug|Any CPU.ActiveCfg = Debug|Any CPU
		{74193D29-4436-4CF5-8E80-463DDC6A2A2F}.Debug|Any CPU.Build.0 = Debug|Any CPU
		{74193D29-4436-4CF5-8E80-463DDC6A2A2F}.Release|Any CPU.ActiveCfg = Release|Any CPU
		{74193D29-4436-4CF5-8E80-463DDC6A2A2F}.Release|Any CPU.Build.0 = Release|Any CPU
		{443A0067-87D1-4615-9850-F126C25D919D}.Debug|Any CPU.ActiveCfg = Debug|Any CPU
		{443A0067-87D1-4615-9850-F126C25D919D}.Debug|Any CPU.Build.0 = Debug|Any CPU
		{443A0067-87D1-4615-9850-F126C25D919D}.Release|Any CPU.ActiveCfg = Release|Any CPU
		{443A0067-87D1-4615-9850-F126C25D919D}.Release|Any CPU.Build.0 = Release|Any CPU
		{872B7ECF-EE7A-4AE1-9B87-F6DCE7A8E767}.Debug|Any CPU.ActiveCfg = Debug|Any CPU
		{872B7ECF-EE7A-4AE1-9B87-F6DCE7A8E767}.Debug|Any CPU.Build.0 = Debug|Any CPU
		{872B7ECF-EE7A-4AE1-9B87-F6DCE7A8E767}.Release|Any CPU.ActiveCfg = Release|Any CPU
		{872B7ECF-EE7A-4AE1-9B87-F6DCE7A8E767}.Release|Any CPU.Build.0 = Release|Any CPU
		{D76F8B12-2100-4910-9FF5-CB866DF2FAED}.Debug|Any CPU.ActiveCfg = Debug|Any CPU
		{D76F8B12-2100-4910-9FF5-CB866DF2FAED}.Debug|Any CPU.Build.0 = Debug|Any CPU
		{D76F8B12-2100-4910-9FF5-CB866DF2FAED}.Release|Any CPU.ActiveCfg = Release|Any CPU
		{D76F8B12-2100-4910-9FF5-CB866DF2FAED}.Release|Any CPU.Build.0 = Release|Any CPU
		{1D2959B7-D53F-4068-A53B-7EB8792D281A}.Debug|Any CPU.ActiveCfg = Debug|Any CPU
		{1D2959B7-D53F-4068-A53B-7EB8792D281A}.Debug|Any CPU.Build.0 = Debug|Any CPU
		{1D2959B7-D53F-4068-A53B-7EB8792D281A}.Release|Any CPU.ActiveCfg = Release|Any CPU
		{1D2959B7-D53F-4068-A53B-7EB8792D281A}.Release|Any CPU.Build.0 = Release|Any CPU
	EndGlobalSection
EndGlobal
